
Microsoft Visual Studio Solution File, Format Version 12.00
# Visual Studio 14
VisualStudioVersion = 14.0.25420.1
MinimumVisualStudioVersion = 10.0.40219.1
Project("{8BC9CEB8-8B4A-11D0-8D11-00A0C91BC942}") = "cpuid", "src\cpuid\cpuid.vcxproj", "{8E80CC70-DD49-4CBF-864E-1CC53B97146D}"
EndProject
Project("{8BC9CEB8-8B4A-11D0-8D11-00A0C91BC942}") = "gtest", "src\third_party\googletest\googletest\msvc\2010\gtest.vcxproj", "{C8F6C172-56F2-4E76-B5FA-C3B423B31BE7}"
EndProject
Global
	GlobalSection(SolutionConfigurationPlatforms) = preSolution
		Debug|x64 = Debug|x64
		Debug|x86 = Debug|x86
		Release|x64 = Release|x64
		Release|x86 = Release|x86
	EndGlobalSection
	GlobalSection(ProjectConfigurationPlatforms) = postSolution
		{8E80CC70-DD49-4CBF-864E-1CC53B97146D}.Debug|x64.ActiveCfg = Debug|x64
		{8E80CC70-DD49-4CBF-864E-1CC53B97146D}.Debug|x64.Build.0 = Debug|x64
		{8E80CC70-DD49-4CBF-864E-1CC53B97146D}.Debug|x86.ActiveCfg = Debug|Win32
		{8E80CC70-DD49-4CBF-864E-1CC53B97146D}.Debug|x86.Build.0 = Debug|Win32
		{8E80CC70-DD49-4CBF-864E-1CC53B97146D}.Release|x64.ActiveCfg = Release|x64
		{8E80CC70-DD49-4CBF-864E-1CC53B97146D}.Release|x64.Build.0 = Release|x64
		{8E80CC70-DD49-4CBF-864E-1CC53B97146D}.Release|x86.ActiveCfg = Release|Win32
		{8E80CC70-DD49-4CBF-864E-1CC53B97146D}.Release|x86.Build.0 = Release|Win32
		{C8F6C172-56F2-4E76-B5FA-C3B423B31BE7}.Debug|x64.ActiveCfg = Debug|x64
		{C8F6C172-56F2-4E76-B5FA-C3B423B31BE7}.Debug|x64.Build.0 = Debug|x64
		{C8F6C172-56F2-4E76-B5FA-C3B423B31BE7}.Debug|x86.ActiveCfg = Debug|Win32
		{C8F6C172-56F2-4E76-B5FA-C3B423B31BE7}.Debug|x86.Build.0 = Debug|Win32
		{C8F6C172-56F2-4E76-B5FA-C3B423B31BE7}.Release|x64.ActiveCfg = Release|x64
		{C8F6C172-56F2-4E76-B5FA-C3B423B31BE7}.Release|x64.Build.0 = Release|x64
		{C8F6C172-56F2-4E76-B5FA-C3B423B31BE7}.Release|x86.ActiveCfg = Release|Win32
		{C8F6C172-56F2-4E76-B5FA-C3B423B31BE7}.Release|x86.Build.0 = Release|Win32
	EndGlobalSection
	GlobalSection(SolutionProperties) = preSolution
		HideSolutionNode = FALSE
	EndGlobalSection
EndGlobal
